
Microsoft Visual Studio Solution File, Format Version 12.00
# Visual Studio Version 17
VisualStudioVersion = 17.2.32630.192
MinimumVisualStudioVersion = 10.0.40219.1
Project("{9A19103F-16F7-4668-BE54-9A1E7A4F7556}") = "Producer", "Producer\Producer.csproj", "{8487051F-10C3-4181-A857-4CD96CC8D3D9}"
EndProject
Project("{9A19103F-16F7-4668-BE54-9A1E7A4F7556}") = "Consumer", "Consumer\Consumer.csproj", "{3B079575-489E-48F3-8824-E51E3E5FB068}"
EndProject
Project("{2150E333-8FDC-42A3-9474-1A3956D46DE8}") = "Demo", "Demo", "{E4D551C0-1ADA-4E16-AE55-EB26656D4A53}"
EndProject
Project("{2150E333-8FDC-42A3-9474-1A3956D46DE8}") = "Domain", "Domain", "{176101AD-88E4-4FD7-B623-C8921C013FDE}"
EndProject
Project("{2150E333-8FDC-42A3-9474-1A3956D46DE8}") = "Infra.Bus", "Infra.Bus", "{BE8F5E31-C90A-46A3-AEBD-94BAFE8DA3D9}"
EndProject
Project("{2150E333-8FDC-42A3-9474-1A3956D46DE8}") = "Infra.IoC", "Infra.IoC", "{7ACA0E1E-6CDA-47DF-A375-B8ABCFECA089}"
EndProject
Project("{2150E333-8FDC-42A3-9474-1A3956D46DE8}") = "Microservices", "Microservices", "{0886F5B0-FDF6-4AFD-ACA8-0503BA1606A0}"
EndProject
Project("{2150E333-8FDC-42A3-9474-1A3956D46DE8}") = "Presentation", "Presentation", "{79E9BF6F-95F6-4DB1-BD09-8CFC0A80A8E9}"
EndProject
Project("{FAE04EC0-301F-11D3-BF4B-00C04F79EFBC}") = "MicroRabbit.Domain.Core", "MicroRabbit.Domain.Core\MicroRabbit.Domain.Core.csproj", "{2C1CED9C-8752-4CD5-8629-9ACDE62885A0}"
EndProject
Project("{FAE04EC0-301F-11D3-BF4B-00C04F79EFBC}") = "MicroRabbit.Infra.Bus", "MicroRabbit.Infra.Bus\MicroRabbit.Infra.Bus.csproj", "{A3FAB9FC-41FC-4849-92E1-EA8031BB57BE}"
EndProject
Global
	GlobalSection(SolutionConfigurationPlatforms) = preSolution
		Debug|Any CPU = Debug|Any CPU
		Release|Any CPU = Release|Any CPU
	EndGlobalSection
	GlobalSection(ProjectConfigurationPlatforms) = postSolution
		{8487051F-10C3-4181-A857-4CD96CC8D3D9}.Debug|Any CPU.ActiveCfg = Debug|Any CPU
		{8487051F-10C3-4181-A857-4CD96CC8D3D9}.Debug|Any CPU.Build.0 = Debug|Any CPU
		{8487051F-10C3-4181-A857-4CD96CC8D3D9}.Release|Any CPU.ActiveCfg = Release|Any CPU
		{8487051F-10C3-4181-A857-4CD96CC8D3D9}.Release|Any CPU.Build.0 = Release|Any CPU
		{3B079575-489E-48F3-8824-E51E3E5FB068}.Debug|Any CPU.ActiveCfg = Debug|Any CPU
		{3B079575-489E-48F3-8824-E51E3E5FB068}.Debug|Any CPU.Build.0 = Debug|Any CPU
		{3B079575-489E-48F3-8824-E51E3E5FB068}.Release|Any CPU.ActiveCfg = Release|Any CPU
		{3B079575-489E-48F3-8824-E51E3E5FB068}.Release|Any CPU.Build.0 = Release|Any CPU
		{2C1CED9C-8752-4CD5-8629-9ACDE62885A0}.Debug|Any CPU.ActiveCfg = Debug|Any CPU
		{2C1CED9C-8752-4CD5-8629-9ACDE62885A0}.Debug|Any CPU.Build.0 = Debug|Any CPU
		{2C1CED9C-8752-4CD5-8629-9ACDE62885A0}.Release|Any CPU.ActiveCfg = Release|Any CPU
		{2C1CED9C-8752-4CD5-8629-9ACDE62885A0}.Release|Any CPU.Build.0 = Release|Any CPU
		{A3FAB9FC-41FC-4849-92E1-EA8031BB57BE}.Debug|Any CPU.ActiveCfg = Debug|Any CPU
		{A3FAB9FC-41FC-4849-92E1-EA8031BB57BE}.Debug|Any CPU.Build.0 = Debug|Any CPU
		{A3FAB9FC-41FC-4849-92E1-EA8031BB57BE}.Release|Any CPU.ActiveCfg = Release|Any CPU
		{A3FAB9FC-41FC-4849-92E1-EA8031BB57BE}.Release|Any CPU.Build.0 = Release|Any CPU
	EndGlobalSection
	GlobalSection(SolutionProperties) = preSolution
		HideSolutionNode = FALSE
	EndGlobalSection
	GlobalSection(NestedProjects) = preSolution
		{8487051F-10C3-4181-A857-4CD96CC8D3D9} = {E4D551C0-1ADA-4E16-AE55-EB26656D4A53}
		{3B079575-489E-48F3-8824-E51E3E5FB068} = {E4D551C0-1ADA-4E16-AE55-EB26656D4A53}
		{2C1CED9C-8752-4CD5-8629-9ACDE62885A0} = {176101AD-88E4-4FD7-B623-C8921C013FDE}
		{A3FAB9FC-41FC-4849-92E1-EA8031BB57BE} = {BE8F5E31-C90A-46A3-AEBD-94BAFE8DA3D9}
	EndGlobalSection
	GlobalSection(ExtensibilityGlobals) = postSolution
		SolutionGuid = {0A68C206-CB8A-4484-A4DD-8116830CDB30}
	EndGlobalSection
EndGlobal
